
Microsoft Visual Studio Solution File, Format Version 12.00
# Visual Studio Version 16
VisualStudioVersion = 16.0.29613.14
MinimumVisualStudioVersion = 10.0.40219.1
Project("{FAE04EC0-301F-11D3-BF4B-00C04F79EFBC}") = "WingsOn.Dal", "WingsOn.Dal\WingsOn.Dal.csproj", "{2B68B6A5-72F1-4DD8-849C-B0A7365A0480}"
EndProject
Project("{FAE04EC0-301F-11D3-BF4B-00C04F79EFBC}") = "WingsOn.Domain", "WingsOn.Domain\WingsOn.Domain.csproj", "{F1792ED2-360F-4864-8A3D-3FAAE3E9FC4B}"
EndProject
Project("{9A19103F-16F7-4668-BE54-9A1E7A4F7556}") = "WingsOn.WebAPI.NetCore", "WingsOn.WebAPI.NetCore\WingsOn.WebAPI.NetCore.csproj", "{58104B81-8653-44BF-8367-B635F9D1B225}"
EndProject
Project("{9A19103F-16F7-4668-BE54-9A1E7A4F7556}") = "WingsOn.WebAPI.NetCore.Tests", "WingsOn.WebAPI.NetCore.Tests\WingsOn.WebAPI.NetCore.Tests.csproj", "{E87EAD52-44BD-4408-B8E0-81C40E094C60}"
EndProject
Project("{9A19103F-16F7-4668-BE54-9A1E7A4F7556}") = "WingsOn.WebAPI.NetCore.Services", "WingsOn.WEbAPI.NetCore.Services\WingsOn.WebAPI.NetCore.Services.csproj", "{F2C4BBEB-3586-433E-91B7-FEB4619240AF}"
EndProject
Project("{9A19103F-16F7-4668-BE54-9A1E7A4F7556}") = "WingsOn.WebAPI.NetCore.DTO", "WingsOn.WebAPI.NetCore.DTO\WingsOn.WebAPI.NetCore.DTO.csproj", "{3F007205-A44C-4249-AD96-F792011211A6}"
EndProject
Global
	GlobalSection(SolutionConfigurationPlatforms) = preSolution
		Debug|Any CPU = Debug|Any CPU
		Release|Any CPU = Release|Any CPU
	EndGlobalSection
	GlobalSection(ProjectConfigurationPlatforms) = postSolution
		{2B68B6A5-72F1-4DD8-849C-B0A7365A0480}.Debug|Any CPU.ActiveCfg = Debug|Any CPU
		{2B68B6A5-72F1-4DD8-849C-B0A7365A0480}.Debug|Any CPU.Build.0 = Debug|Any CPU
		{2B68B6A5-72F1-4DD8-849C-B0A7365A0480}.Release|Any CPU.ActiveCfg = Release|Any CPU
		{2B68B6A5-72F1-4DD8-849C-B0A7365A0480}.Release|Any CPU.Build.0 = Release|Any CPU
		{F1792ED2-360F-4864-8A3D-3FAAE3E9FC4B}.Debug|Any CPU.ActiveCfg = Debug|Any CPU
		{F1792ED2-360F-4864-8A3D-3FAAE3E9FC4B}.Debug|Any CPU.Build.0 = Debug|Any CPU
		{F1792ED2-360F-4864-8A3D-3FAAE3E9FC4B}.Release|Any CPU.ActiveCfg = Release|Any CPU
		{F1792ED2-360F-4864-8A3D-3FAAE3E9FC4B}.Release|Any CPU.Build.0 = Release|Any CPU
		{58104B81-8653-44BF-8367-B635F9D1B225}.Debug|Any CPU.ActiveCfg = Debug|Any CPU
		{58104B81-8653-44BF-8367-B635F9D1B225}.Debug|Any CPU.Build.0 = Debug|Any CPU
		{58104B81-8653-44BF-8367-B635F9D1B225}.Release|Any CPU.ActiveCfg = Release|Any CPU
		{58104B81-8653-44BF-8367-B635F9D1B225}.Release|Any CPU.Build.0 = Release|Any CPU
		{E87EAD52-44BD-4408-B8E0-81C40E094C60}.Debug|Any CPU.ActiveCfg = Debug|Any CPU
		{E87EAD52-44BD-4408-B8E0-81C40E094C60}.Debug|Any CPU.Build.0 = Debug|Any CPU
		{E87EAD52-44BD-4408-B8E0-81C40E094C60}.Release|Any CPU.ActiveCfg = Release|Any CPU
		{E87EAD52-44BD-4408-B8E0-81C40E094C60}.Release|Any CPU.Build.0 = Release|Any CPU
		{F2C4BBEB-3586-433E-91B7-FEB4619240AF}.Debug|Any CPU.ActiveCfg = Debug|Any CPU
		{F2C4BBEB-3586-433E-91B7-FEB4619240AF}.Debug|Any CPU.Build.0 = Debug|Any CPU
		{F2C4BBEB-3586-433E-91B7-FEB4619240AF}.Release|Any CPU.ActiveCfg = Release|Any CPU
		{F2C4BBEB-3586-433E-91B7-FEB4619240AF}.Release|Any CPU.Build.0 = Release|Any CPU
		{3F007205-A44C-4249-AD96-F792011211A6}.Debug|Any CPU.ActiveCfg = Debug|Any CPU
		{3F007205-A44C-4249-AD96-F792011211A6}.Debug|Any CPU.Build.0 = Debug|Any CPU
		{3F007205-A44C-4249-AD96-F792011211A6}.Release|Any CPU.ActiveCfg = Release|Any CPU
		{3F007205-A44C-4249-AD96-F792011211A6}.Release|Any CPU.Build.0 = Release|Any CPU
	EndGlobalSection
	GlobalSection(SolutionProperties) = preSolution
		HideSolutionNode = FALSE
	EndGlobalSection
	GlobalSection(ExtensibilityGlobals) = postSolution
		SolutionGuid = {06D7155A-3A60-46DA-BAD7-D5D76DF0517D}
	EndGlobalSection
EndGlobal
